
Microsoft Visual Studio Solution File, Format Version 12.00
# Visual Studio Version 17
VisualStudioVersion = 17.3.32929.385
MinimumVisualStudioVersion = 10.0.40219.1
Project("{F184B08F-C81C-45F6-A57F-5ABD9991F28F}") = "3DO-ANIM", "3DO-ANIM\3DO-ANIM.vbproj", "{C3BE4E6E-5683-496E-B6AC-7D596E1E941F}"
EndProject
Global
	GlobalSection(SolutionConfigurationPlatforms) = preSolution
		Debug|Any CPU = Debug|Any CPU
		Release|Any CPU = Release|Any CPU
	EndGlobalSection
	GlobalSection(ProjectConfigurationPlatforms) = postSolution
		{C3BE4E6E-5683-496E-B6AC-7D596E1E941F}.Debug|Any CPU.ActiveCfg = Debug|Any CPU
		{C3BE4E6E-5683-496E-B6AC-7D596E1E941F}.Debug|Any CPU.Build.0 = Debug|Any CPU
		{C3BE4E6E-5683-496E-B6AC-7D596E1E941F}.Release|Any CPU.ActiveCfg = Release|Any CPU
		{C3BE4E6E-5683-496E-B6AC-7D596E1E941F}.Release|Any CPU.Build.0 = Release|Any CPU
	EndGlobalSection
	GlobalSection(SolutionProperties) = preSolution
		HideSolutionNode = FALSE
	EndGlobalSection
	GlobalSection(ExtensibilityGlobals) = postSolution
		SolutionGuid = {D095A735-8ABD-4BC8-80EE-019756B7DEA3}
	EndGlobalSection
EndGlobal
